
Microsoft Visual Studio Solution File, Format Version 12.00
# Visual Studio Version 16
VisualStudioVersion = 16.0.31205.134
MinimumVisualStudioVersion = 10.0.40219.1
Project("{2150E333-8FDC-42A3-9474-1A3956D46DE8}") = "Solution Items", "Solution Items", "{FB6EAFD1-B35D-45CE-BEC8-73B8F5D695E5}"
	ProjectSection(SolutionItems) = preProject
		.editorconfig = .editorconfig
	EndProjectSection
EndProject
Project("{9A19103F-16F7-4668-BE54-9A1E7A4F7556}") = "DOS_DAL", "DOS_DAL\DOS_DAL.csproj", "{D75A8DA5-00FF-4C6C-B7B4-00A5F48C7335}"
EndProject
Project("{9A19103F-16F7-4668-BE54-9A1E7A4F7556}") = "DOS_PL", "DOS_PL\DOS_PL.csproj", "{5478000F-1743-4F50-B1BE-37820B1DE606}"
	ProjectSection(ProjectDependencies) = postProject
		{D75A8DA5-00FF-4C6C-B7B4-00A5F48C7335} = {D75A8DA5-00FF-4C6C-B7B4-00A5F48C7335}
	EndProjectSection
EndProject
Project("{9A19103F-16F7-4668-BE54-9A1E7A4F7556}") = "DOS_BL", "DOS_BL\DOS_BL.csproj", "{A4EDBAE4-3C86-4A9F-86CB-8C130307CC15}"
EndProject
Project("{9A19103F-16F7-4668-BE54-9A1E7A4F7556}") = "DOS_TEST", "DOS_TEST\DOS_TEST.csproj", "{9FB68961-123D-4AA2-8404-754756098AC6}"
	ProjectSection(ProjectDependencies) = postProject
		{5478000F-1743-4F50-B1BE-37820B1DE606} = {5478000F-1743-4F50-B1BE-37820B1DE606}
	EndProjectSection
EndProject
Global
	GlobalSection(SolutionConfigurationPlatforms) = preSolution
		Debug|Any CPU = Debug|Any CPU
		Release|Any CPU = Release|Any CPU
	EndGlobalSection
	GlobalSection(ProjectConfigurationPlatforms) = postSolution
		{D75A8DA5-00FF-4C6C-B7B4-00A5F48C7335}.Debug|Any CPU.ActiveCfg = Debug|Any CPU
		{D75A8DA5-00FF-4C6C-B7B4-00A5F48C7335}.Debug|Any CPU.Build.0 = Debug|Any CPU
		{D75A8DA5-00FF-4C6C-B7B4-00A5F48C7335}.Release|Any CPU.ActiveCfg = Release|Any CPU
		{D75A8DA5-00FF-4C6C-B7B4-00A5F48C7335}.Release|Any CPU.Build.0 = Release|Any CPU
		{5478000F-1743-4F50-B1BE-37820B1DE606}.Debug|Any CPU.ActiveCfg = Debug|Any CPU
		{5478000F-1743-4F50-B1BE-37820B1DE606}.Debug|Any CPU.Build.0 = Debug|Any CPU
		{5478000F-1743-4F50-B1BE-37820B1DE606}.Release|Any CPU.ActiveCfg = Release|Any CPU
		{5478000F-1743-4F50-B1BE-37820B1DE606}.Release|Any CPU.Build.0 = Release|Any CPU
		{A4EDBAE4-3C86-4A9F-86CB-8C130307CC15}.Debug|Any CPU.ActiveCfg = Debug|Any CPU
		{A4EDBAE4-3C86-4A9F-86CB-8C130307CC15}.Debug|Any CPU.Build.0 = Debug|Any CPU
		{A4EDBAE4-3C86-4A9F-86CB-8C130307CC15}.Release|Any CPU.ActiveCfg = Release|Any CPU
		{A4EDBAE4-3C86-4A9F-86CB-8C130307CC15}.Release|Any CPU.Build.0 = Release|Any CPU
		{9FB68961-123D-4AA2-8404-754756098AC6}.Debug|Any CPU.ActiveCfg = Debug|Any CPU
		{9FB68961-123D-4AA2-8404-754756098AC6}.Debug|Any CPU.Build.0 = Debug|Any CPU
		{9FB68961-123D-4AA2-8404-754756098AC6}.Release|Any CPU.ActiveCfg = Release|Any CPU
		{9FB68961-123D-4AA2-8404-754756098AC6}.Release|Any CPU.Build.0 = Release|Any CPU
	EndGlobalSection
	GlobalSection(SolutionProperties) = preSolution
		HideSolutionNode = FALSE
	EndGlobalSection
	GlobalSection(ExtensibilityGlobals) = postSolution
		SolutionGuid = {50E4554A-7B8D-4AE1-8CE8-53DA2BFBE9C1}
	EndGlobalSection
EndGlobal
